lockfileVersion: '6.0'

dependencies:
  d3-scale:
    specifier: ^4.0.2
    version: 4.0.2
  d3-scale-chromatic:
    specifier: ^3.0.0
    version: 3.0.0

devDependencies:
  '@types/d3-scale':
    specifier: ^4.0.6
    version: 4.0.6
  '@types/d3-scale-chromatic':
    specifier: ^3.0.1
    version: 3.0.1

packages:

  /@types/d3-scale-chromatic@3.0.1:
    resolution: {integrity: sha512-Ob7OrwiTeQXY/WBBbRHGZBOn6rH1h7y3jjpTSKYqDEeqFjktql6k2XSgNwLrLDmAsXhEn8P9NHDY4VTuo0ZY1w==}
    dev: true

  /@types/d3-scale@4.0.6:
    resolution: {integrity: sha512-lo3oMLSiqsQUovv8j15X4BNEDOsnHuGjeVg7GRbAuB2PUa1prK5BNSOu6xixgNf3nqxPl4I1BqJWrPvFGlQoGQ==}
    dependencies:
      '@types/d3-time': 3.0.2
    dev: true

  /@types/d3-time@3.0.2:
    resolution: {integrity: sha512-kbdRXTmUgNfw5OTE3KZnFQn6XdIc4QGroN5UixgdrXATmYsdlPQS6pEut9tVlIojtzuFD4txs/L+Rq41AHtLpg==}
    dev: true

  /d3-array@3.2.4:
    resolution: {integrity: sha512-tdQAmyA18i4J7wprpYq8ClcxZy3SC31QMeByyCFyRt7BVHdREQZ5lpzoe5mFEYZUWe+oq8HBvk9JjpibyEV4Jg==}
    engines: {node: '>=12'}
    dependencies:
      internmap: 2.0.3
    dev: false

  /d3-color@3.1.0:
    resolution: {integrity: sha512-zg/chbXyeBtMQ1LbD/WSoW2DpC3I0mpmPdW+ynRTj/x2DAWYrIY7qeZIHidozwV24m4iavr15lNwIwLxRmOxhA==}
    engines: {node: '>=12'}
    dev: false

  /d3-format@3.1.0:
    resolution: {integrity: sha512-YyUI6AEuY/Wpt8KWLgZHsIU86atmikuoOmCfommt0LYHiQSPjvX2AcFc38PX0CBpr2RCyZhjex+NS/LPOv6YqA==}
    engines: {node: '>=12'}
    dev: false

  /d3-interpolate@3.0.1:
    resolution: {integrity: sha512-3bYs1rOD33uo8aqJfKP3JWPAibgw8Zm2+L9vBKEHJ2Rg+viTR7o5Mmv5mZcieN+FRYaAOWX5SJATX6k1PWz72g==}
    engines: {node: '>=12'}
    dependencies:
      d3-color: 3.1.0
    dev: false

  /d3-scale-chromatic@3.0.0:
    resolution: {integrity: sha512-Lx9thtxAKrO2Pq6OO2Ua474opeziKr279P/TKZsMAhYyNDD3EnCffdbgeSYN5O7m2ByQsxtuP2CSDczNUIZ22g==}
    engines: {node: '>=12'}
    dependencies:
      d3-color: 3.1.0
      d3-interpolate: 3.0.1
    dev: false

  /d3-scale@4.0.2:
    resolution: {integrity: sha512-GZW464g1SH7ag3Y7hXjf8RoUuAFIqklOAq3MRl4OaWabTFJY9PN/E1YklhXLh+OQ3fM9yS2nOkCoS+WLZ6kvxQ==}
    engines: {node: '>=12'}
    dependencies:
      d3-array: 3.2.4
      d3-format: 3.1.0
      d3-interpolate: 3.0.1
      d3-time: 3.1.0
      d3-time-format: 4.1.0
    dev: false

  /d3-time-format@4.1.0:
    resolution: {integrity: sha512-dJxPBlzC7NugB2PDLwo9Q8JiTR3M3e4/XANkreKSUxF8vvXKqm1Yfq4Q5dl8budlunRVlUUaDUgFt7eA8D6NLg==}
    engines: {node: '>=12'}
    dependencies:
      d3-time: 3.1.0
    dev: false

  /d3-time@3.1.0:
    resolution: {integrity: sha512-VqKjzBLejbSMT4IgbmVgDjpkYrNWUYJnbCGo874u7MMKIWsILRX+OpX/gTk8MqjpT1A/c6HY2dCA77ZN0lkQ2Q==}
    engines: {node: '>=12'}
    dependencies:
      d3-array: 3.2.4
    dev: false

  /internmap@2.0.3:
    resolution: {integrity: sha512-5Hh7Y1wQbvY5ooGgPbDaL5iYLAPzMTUrjMulskHLH6wnv/A+1q5rgEaiuqEjB+oxGXIVZs1FF+R/KPN3ZSQYYg==}
    engines: {node: '>=12'}
    dev: false
